
Microsoft Visual Studio Solution File, Format Version 12.00
# Visual Studio 2012
Project("{FAE04EC0-301F-11D3-BF4B-00C04F79EFBC}") = "Regression", "Regression\Regression.csproj", "{EC879D22-1E05-4646-8BE3-64691DB5196A}"
EndProject
Project("{FAE04EC0-301F-11D3-BF4B-00C04F79EFBC}") = "Form", "Form\Form.csproj", "{B26F1D5D-7836-4B3A-863E-BF61EB3758BA}"
EndProject
Project("{FAE04EC0-301F-11D3-BF4B-00C04F79EFBC}") = "WebTester", "WebTester\WebTester.csproj", "{4E740913-4F4C-46CB-BA46-61BBB43E1951}"
EndProject
Project("{FAE04EC0-301F-11D3-BF4B-00C04F79EFBC}") = "Controller", "Controller\Controller.csproj", "{29BD5684-5CDF-4E8C-81ED-3DDA143DC71F}"
EndProject
Global
	GlobalSection(SolutionConfigurationPlatforms) = preSolution
		Debug|Any CPU = Debug|Any CPU
		Release|Any CPU = Release|Any CPU
	EndGlobalSection
	GlobalSection(ProjectConfigurationPlatforms) = postSolution
		{EC879D22-1E05-4646-8BE3-64691DB5196A}.Debug|Any CPU.ActiveCfg = Debug|Any CPU
		{EC879D22-1E05-4646-8BE3-64691DB5196A}.Debug|Any CPU.Build.0 = Debug|Any CPU
		{EC879D22-1E05-4646-8BE3-64691DB5196A}.Release|Any CPU.ActiveCfg = Release|Any CPU
		{EC879D22-1E05-4646-8BE3-64691DB5196A}.Release|Any CPU.Build.0 = Release|Any CPU
		{B26F1D5D-7836-4B3A-863E-BF61EB3758BA}.Debug|Any CPU.ActiveCfg = Debug|Any CPU
		{B26F1D5D-7836-4B3A-863E-BF61EB3758BA}.Debug|Any CPU.Build.0 = Debug|Any CPU
		{B26F1D5D-7836-4B3A-863E-BF61EB3758BA}.Release|Any CPU.ActiveCfg = Release|Any CPU
		{B26F1D5D-7836-4B3A-863E-BF61EB3758BA}.Release|Any CPU.Build.0 = Release|Any CPU
		{4E740913-4F4C-46CB-BA46-61BBB43E1951}.Debug|Any CPU.ActiveCfg = Debug|Any CPU
		{4E740913-4F4C-46CB-BA46-61BBB43E1951}.Debug|Any CPU.Build.0 = Debug|Any CPU
		{4E740913-4F4C-46CB-BA46-61BBB43E1951}.Release|Any CPU.ActiveCfg = Release|Any CPU
		{4E740913-4F4C-46CB-BA46-61BBB43E1951}.Release|Any CPU.Build.0 = Release|Any CPU
		{29BD5684-5CDF-4E8C-81ED-3DDA143DC71F}.Debug|Any CPU.ActiveCfg = Debug|Any CPU
		{29BD5684-5CDF-4E8C-81ED-3DDA143DC71F}.Debug|Any CPU.Build.0 = Debug|Any CPU
		{29BD5684-5CDF-4E8C-81ED-3DDA143DC71F}.Release|Any CPU.ActiveCfg = Release|Any CPU
		{29BD5684-5CDF-4E8C-81ED-3DDA143DC71F}.Release|Any CPU.Build.0 = Release|Any CPU
	EndGlobalSection
	GlobalSection(SolutionProperties) = preSolution
		HideSolutionNode = FALSE
	EndGlobalSection
EndGlobal
