
Microsoft Visual Studio Solution File, Format Version 12.00
# Visual Studio 2012
Project("{FAE04EC0-301F-11D3-BF4B-00C04F79EFBC}") = "Regression", "Regression\Regression.csproj", "{EC879D22-1E05-4646-8BE3-64691DB5196A}"
EndProject
Global
	GlobalSection(SolutionConfigurationPlatforms) = preSolution
		Debug|Any CPU = Debug|Any CPU
		Release|Any CPU = Release|Any CPU
	EndGlobalSection
	GlobalSection(ProjectConfigurationPlatforms) = postSolution
		{EC879D22-1E05-4646-8BE3-64691DB5196A}.Debug|Any CPU.ActiveCfg = Debug|Any CPU
		{EC879D22-1E05-4646-8BE3-64691DB5196A}.Debug|Any CPU.Build.0 = Debug|Any CPU
		{EC879D22-1E05-4646-8BE3-64691DB5196A}.Release|Any CPU.ActiveCfg = Release|Any CPU
		{EC879D22-1E05-4646-8BE3-64691DB5196A}.Release|Any CPU.Build.0 = Release|Any CPU
	EndGlobalSection
	GlobalSection(SolutionProperties) = preSolution
		HideSolutionNode = FALSE
	EndGlobalSection
EndGlobal
